{
  "name": "helloassemblyscript",
  "version": "1.0.0",
  "lockfileVersion": 1,
  "requires": true,
  "dependencies": {
    "@assemblyscript/loader": {
      "version": "0.19.16",
      "resolved": "https://registry.npmjs.org/@assemblyscript/loader/-/loader-0.19.16.tgz",
      "integrity": "sha512-Skp0eLY3oP2YfAxaHq4IpsUZQOpllkBB0dNDrhck42mGQTimAJ6KegXMuFVa9PIP6gw3bDlCs2iIegfGnXiuFg=="
    },
    "assemblyscript": {
      "version": "0.19.16",
      "resolved": "https://registry.npmjs.org/assemblyscript/-/assemblyscript-0.19.16.tgz",
      "integrity": "sha512-AMNdwcat+EEsxjkVQ5vOE/lDbXBvy1swQKAuMG2Ken+DZufZH7wKHIAVKR5liteW/jLL3T971l1MN+onP/bixA==",
      "dev": true,
      "requires": {
        "binaryen": "101.0.0-nightly.20210904",
        "long": "^4.0.0"
      }
    },
    "benchmark": {
      "version": "2.1.4",
      "resolved": "https://registry.npmjs.org/benchmark/-/benchmark-2.1.4.tgz",
      "integrity": "sha1-CfPeMckWQl1JjMLuVloOvzwqVik=",
      "requires": {
        "lodash": "^4.17.4",
        "platform": "^1.3.3"
      }
    },
    "binaryen": {
      "version": "101.0.0-nightly.20210904",
      "resolved": "https://registry.npmjs.org/binaryen/-/binaryen-101.0.0-nightly.20210904.tgz",
      "integrity": "sha512-2AvJhErttuoMvgNcYPPpPy7C12PSvDdtZWtEeX/Otm/Vtf4ePvBpT3UIA00hGAh8HNaGr+dzFNstxTUvjNwZTg==",
      "dev": true
    },
    "lodash": {
      "version": "4.17.21",
      "resolved": "https://registry.npmjs.org/lodash/-/lodash-4.17.21.tgz",
      "integrity": "sha512-v2kDEe57lecTulaDIuNTPy3Ry4gLGJ6Z1O3vE1krgXZNrsQ+LFTGHVxVjcXPs17LhbZVGedAJv8XZ1tvj5FvSg=="
    },
    "long": {
      "version": "4.0.0",
      "resolved": "https://registry.npmjs.org/long/-/long-4.0.0.tgz",
      "integrity": "sha512-XsP+KhQif4bjX1kbuSiySJFNAehNxgLb6hPRGJ9QsUr8ajHkuXGdrHmFUTUUXhDwVX2R5bY4JNZEwbUiMhV+MA==",
      "dev": true
    },
    "platform": {
      "version": "1.3.6",
      "resolved": "https://registry.npmjs.org/platform/-/platform-1.3.6.tgz",
      "integrity": "sha512-fnWVljUchTro6RiCFvCXBbNhJc2NijN7oIQxbwsyL0buWJPG85v81ehlHI9fXrJsMNgTofEoWIQeClKpgxFLrg=="
    }
  }
}
